{
  "nodes": {
    "nixpkgs": {
      "locked": {
        "lastModified": 1755615617,
        "narHash": "sha256-HMwfAJBdrr8wXAkbGhtcby1zGFvs+StOp19xNsbqdOg=",
        "owner": "nixos",
        "repo": "nixpkgs",
        "rev": "20075955deac2583bb12f07151c2df830ef346b4",
        "type": "github"
      },
      "original": {
        "owner": "nixos",
        "ref": "nixos-unstable",
        "repo": "nixpkgs",
        "type": "github"
      }
    },
    "nixpkgsMaster": {
      "locked": {
        "lastModified": 1756167636,
        "narHash": "sha256-Td9U9R/NbFsByhydpaGXTAvgkiRdsbUj2RBpJtwwv7I=",
        "owner": "nixos",
        "repo": "nixpkgs",
        "rev": "18e21055383c51ee757f5e0448a9c2ccc456254e",
        "type": "github"
      },
      "original": {
        "owner": "nixos",
        "ref": "master",
        "repo": "nixpkgs",
        "type": "github"
      }
    },
    "root": {
      "inputs": {
        "nixpkgs": "nixpkgs",
        "nixpkgsMaster": "nixpkgsMaster"
      }
    }
  },
  "root": "root",
  "version": 7
}
