{
  "nodes": {
    "nixpkgs": {
      "locked": {
        "lastModified": 1755615617,
        "narHash": "sha256-HMwfAJBdrr8wXAkbGhtcby1zGFvs+StOp19xNsbqdOg=",
        "owner": "nixos",
        "repo": "nixpkgs",
        "rev": "20075955deac2583bb12f07151c2df830ef346b4",
        "type": "github"
      },
      "original": {
        "owner": "nixos",
        "ref": "nixos-unstable",
        "repo": "nixpkgs",
        "type": "github"
      }
    },
    "nixpkgsMaster": {
      "locked": {
        "lastModified": 1756165500,
        "narHash": "sha256-FbrvBEgDcyvcgX4SFLdgQh8K9v140u2zvyv++yMi0vQ=",
        "owner": "nixos",
        "repo": "nixpkgs",
        "rev": "0e209ec10915826c36bd0518251fd664967cbb9e",
        "type": "github"
      },
      "original": {
        "owner": "nixos",
        "ref": "master",
        "repo": "nixpkgs",
        "type": "github"
      }
    },
    "root": {
      "inputs": {
        "nixpkgs": "nixpkgs",
        "nixpkgsMaster": "nixpkgsMaster"
      }
    }
  },
  "root": "root",
  "version": 7
}
